// !$*UTF8*$!
{
	archiveVersion = 1;
	classes = {
	};
	objectVersion = 50;
	objects = {

/* Begin PBXBuildFile section */
		0B19142D2201F49600CBC272 /* texaco.db in Resources */ = {isa = PBXBuildFile; fileRef = 0B19142A2201F49500CBC272 /* texaco.db */; };
		0B2343C421B43E7B00286357 /* CoreData.framework in Frameworks */ = {isa = PBXBuildFile; fileRef = 0B2343C321B43E7B00286357 /* CoreData.framework */; };
		0B2343C621B43E8000286357 /* libsqlite3.tbd in Frameworks */ = {isa = PBXBuildFile; fileRef = 0B2343C521B43E8000286357 /* libsqlite3.tbd */; };
		0B7B1310219A85A100AD1D02 /* 4F.jpg in Resources */ = {isa = PBXBuildFile; fileRef = 0B7B130F219A85A100AD1D02 /* 4F.jpg */; };
		0BA9A829219130C50074B947 /* AppDelegate.m in Sources */ = {isa = PBXBuildFile; fileRef = 0BA9A828219130C50074B947 /* AppDelegate.m */; };
		0BA9A82C219130C50074B947 /* MapViewController.m in Sources */ = {isa = PBXBuildFile; fileRef = 0BA9A82B219130C50074B947 /* MapViewController.m */; };
		0BA9A82F219130C50074B947 /* Main.storyboard in Resources */ = {isa = PBXBuildFile; fileRef = 0BA9A82D219130C50074B947 /* Main.storyboard */; };
		0BA9A831219130C70074B947 /* Assets.xcassets in Resources */ = {isa = PBXBuildFile; fileRef = 0BA9A830219130C70074B947 /* Assets.xcassets */; };
		0BA9A834219130C70074B947 /* LaunchScreen.storyboard in Resources */ = {isa = PBXBuildFile; fileRef = 0BA9A832219130C70074B947 /* LaunchScreen.storyboard */; };
		0BA9A837219130C70074B947 /* main.m in Sources */ = {isa = PBXBuildFile; fileRef = 0BA9A836219130C70074B947 /* main.m */; };
		0BA9A84C219130C70074B947 /* LBSOfflineClientUITests.m in Sources */ = {isa = PBXBuildFile; fileRef = 0BA9A84B219130C70074B947 /* LBSOfflineClientUITests.m */; };
		B30B460E21F5A1B80056B378 /* LBSOfflineSDK.framework in Frameworks */ = {isa = PBXBuildFile; fileRef = B30B460B21F5A1860056B378 /* LBSOfflineSDK.framework */; };
		B30B460F21F5A1B80056B378 /* LBSOfflineSDK.framework in Embed Frameworks */ = {isa = PBXBuildFile; fileRef = B30B460B21F5A1860056B378 /* LBSOfflineSDK.framework */; settings = {ATTRIBUTES = (CodeSignOnCopy, RemoveHeadersOnCopy, ); }; };
		B378FC3521C8FF1D00B41F8B /* AVFoundation.framework in Frameworks */ = {isa = PBXBuildFile; fileRef = B378FC3321C8FF1D00B41F8B /* AVFoundation.framework */; };
		B378FC3621C8FF1D00B41F8B /* AVKit.framework in Frameworks */ = {isa = PBXBuildFile; fileRef = B378FC3421C8FF1D00B41F8B /* AVKit.framework */; };
		B378FC3921C9009A00B41F8B /* lullaby.mp3 in Resources */ = {isa = PBXBuildFile; fileRef = B378FC3821C9009A00B41F8B /* lullaby.mp3 */; };
		B3A4563821B8C181000C000C /* NWHandler.m in Sources */ = {isa = PBXBuildFile; fileRef = B3A4563721B8C181000C000C /* NWHandler.m */; };
		B3BDC2A32201983E00960B1F /* LBSMapComponents.framework in Frameworks */ = {isa = PBXBuildFile; fileRef = B3BDC2A22201983E00960B1F /* LBSMapComponents.framework */; };
		B3BDC2A42201983E00960B1F /* LBSMapComponents.framework in Embed Frameworks */ = {isa = PBXBuildFile; fileRef = B3BDC2A22201983E00960B1F /* LBSMapComponents.framework */; settings = {ATTRIBUTES = (CodeSignOnCopy, RemoveHeadersOnCopy, ); }; };
		B3ED8DBC21C0AC21002BAE6A /* LoginViewController.m in Sources */ = {isa = PBXBuildFile; fileRef = B3ED8DBB21C0AC21002BAE6A /* LoginViewController.m */; };
		DE609E9825E84E824329DC5B /* libPods-LBSOfflineClient.a in Frameworks */ = {isa = PBXBuildFile; fileRef = A61D9AE4E7E8E44876F3A4DE /* libPods-LBSOfflineClient.a */; };
/* End PBXBuildFile section */

/* Begin PBXContainerItemProxy section */
		0BA9A83D219130C70074B947 /* PBXContainerItemProxy */ = {
			isa = PBXContainerItemProxy;
			containerPortal = 0BA9A81C219130C50074B947 /* Project object */;
			proxyType = 1;
			remoteGlobalIDString = 0BA9A823219130C50074B947;
			remoteInfo = LBSOfflineClient;
		};
		0BA9A848219130C70074B947 /* PBXContainerItemProxy */ = {
			isa = PBXContainerItemProxy;
			containerPortal = 0BA9A81C219130C50074B947 /* Project object */;
			proxyType = 1;
			remoteGlobalIDString = 0BA9A823219130C50074B947;
			remoteInfo = LBSOfflineClient;
		};
/* End PBXContainerItemProxy section */

/* Begin PBXCopyFilesBuildPhase section */
		B34EBEFC21F59BBE006481C2 /* Embed Frameworks */ = {
			isa = PBXCopyFilesBuildPhase;
			buildActionMask = 2147483647;
			dstPath = "";
			dstSubfolderSpec = 10;
			files = (
				B30B460F21F5A1B80056B378 /* LBSOfflineSDK.framework in Embed Frameworks */,
				B3BDC2A42201983E00960B1F /* LBSMapComponents.framework in Embed Frameworks */,
			);
			name = "Embed Frameworks";
			runOnlyForDeploymentPostprocessing = 0;
		};
/* End PBXCopyFilesBuildPhase section */

/* Begin PBXFileReference section */
		0B19142A2201F49500CBC272 /* texaco.db */ = {isa = PBXFileReference; lastKnownFileType = file; path = texaco.db; sourceTree = "<group>"; };
		0B2343C321B43E7B00286357 /* CoreData.framework */ = {isa = PBXFileReference; lastKnownFileType = wrapper.framework; name = CoreData.framework; path = System/Library/Frameworks/CoreData.framework; sourceTree = SDKROOT; };
		0B2343C521B43E8000286357 /* libsqlite3.tbd */ = {isa = PBXFileReference; lastKnownFileType = "sourcecode.text-based-dylib-definition"; name = libsqlite3.tbd; path = usr/lib/libsqlite3.tbd; sourceTree = SDKROOT; };
		0B7B130F219A85A100AD1D02 /* 4F.jpg */ = {isa = PBXFileReference; lastKnownFileType = image.jpeg; path = 4F.jpg; sourceTree = "<group>"; };
		0B7B131B219A9BCD00AD1D02 /* LBSOfflineSDK.framework */ = {isa = PBXFileReference; explicitFileType = wrapper.framework; path = LBSOfflineSDK.framework; sourceTree = BUILT_PRODUCTS_DIR; };
		0BA9A824219130C50074B947 /* LBSOfflineClient.app */ = {isa = PBXFileReference; explicitFileType = wrapper.application; includeInIndex = 0; path = LBSOfflineClient.app; sourceTree = BUILT_PRODUCTS_DIR; };
		0BA9A827219130C50074B947 /* AppDelegate.h */ = {isa = PBXFileReference; lastKnownFileType = sourcecode.c.h; path = AppDelegate.h; sourceTree = "<group>"; };
		0BA9A828219130C50074B947 /* AppDelegate.m */ = {isa = PBXFileReference; lastKnownFileType = sourcecode.c.objc; path = AppDelegate.m; sourceTree = "<group>"; };
		0BA9A82A219130C50074B947 /* MapViewController.h */ = {isa = PBXFileReference; lastKnownFileType = sourcecode.c.h; path = MapViewController.h; sourceTree = "<group>"; };
		0BA9A82B219130C50074B947 /* MapViewController.m */ = {isa = PBXFileReference; lastKnownFileType = sourcecode.c.objc; path = MapViewController.m; sourceTree = "<group>"; };
		0BA9A82E219130C50074B947 /* Base */ = {isa = PBXFileReference; lastKnownFileType = file.storyboard; name = Base; path = Base.lproj/Main.storyboard; sourceTree = "<group>"; };
		0BA9A830219130C70074B947 /* Assets.xcassets */ = {isa = PBXFileReference; lastKnownFileType = folder.assetcatalog; path = Assets.xcassets; sourceTree = "<group>"; };
		0BA9A833219130C70074B947 /* Base */ = {isa = PBXFileReference; lastKnownFileType = file.storyboard; name = Base; path = Base.lproj/LaunchScreen.storyboard; sourceTree = "<group>"; };
		0BA9A835219130C70074B947 /* Info.plist */ = {isa = PBXFileReference; lastKnownFileType = text.plist.xml; path = Info.plist; sourceTree = "<group>"; };
		0BA9A836219130C70074B947 /* main.m */ = {isa = PBXFileReference; lastKnownFileType = sourcecode.c.objc; path = main.m; sourceTree = "<group>"; };
		0BA9A83C219130C70074B947 /* LBSOfflineClientTests.xctest */ = {isa = PBXFileReference; explicitFileType = wrapper.cfbundle; includeInIndex = 0; path = LBSOfflineClientTests.xctest; sourceTree = BUILT_PRODUCTS_DIR; };
		0BA9A847219130C70074B947 /* LBSOfflineClientUITests.xctest */ = {isa = PBXFileReference; explicitFileType = wrapper.cfbundle; includeInIndex = 0; path = LBSOfflineClientUITests.xctest; sourceTree = BUILT_PRODUCTS_DIR; };
		0BA9A84B219130C70074B947 /* LBSOfflineClientUITests.m */ = {isa = PBXFileReference; lastKnownFileType = sourcecode.c.objc; path = LBSOfflineClientUITests.m; sourceTree = "<group>"; };
		0BA9A84D219130C70074B947 /* Info.plist */ = {isa = PBXFileReference; lastKnownFileType = text.plist.xml; path = Info.plist; sourceTree = "<group>"; };
		A61D9AE4E7E8E44876F3A4DE /* libPods-LBSOfflineClient.a */ = {isa = PBXFileReference; explicitFileType = archive.ar; includeInIndex = 0; path = "libPods-LBSOfflineClient.a"; sourceTree = BUILT_PRODUCTS_DIR; };
		B2550602F3FE6320D96EBC63 /* Pods-LBSOfflineClient.release.xcconfig */ = {isa = PBXFileReference; includeInIndex = 1; lastKnownFileType = text.xcconfig; name = "Pods-LBSOfflineClient.release.xcconfig"; path = "Pods/Target Support Files/Pods-LBSOfflineClient/Pods-LBSOfflineClient.release.xcconfig"; sourceTree = "<group>"; };
		B30B460B21F5A1860056B378 /* LBSOfflineSDK.framework */ = {isa = PBXFileReference; lastKnownFileType = wrapper.framework; path = LBSOfflineSDK.framework; sourceTree = "<group>"; };
		B3267CC721F596B800384640 /* LBSOfflineSDK.framework */ = {isa = PBXFileReference; lastKnownFileType = wrapper.framework; path = LBSOfflineSDK.framework; sourceTree = "<group>"; };
		B328E42D21AFCF45009190F5 /* LBSOfflineSDK.framework */ = {isa = PBXFileReference; explicitFileType = wrapper.framework; path = LBSOfflineSDK.framework; sourceTree = BUILT_PRODUCTS_DIR; };
		B378FC3321C8FF1D00B41F8B /* AVFoundation.framework */ = {isa = PBXFileReference; lastKnownFileType = wrapper.framework; name = AVFoundation.framework; path = System/Library/Frameworks/AVFoundation.framework; sourceTree = SDKROOT; };
		B378FC3421C8FF1D00B41F8B /* AVKit.framework */ = {isa = PBXFileReference; lastKnownFileType = wrapper.framework; name = AVKit.framework; path = System/Library/Frameworks/AVKit.framework; sourceTree = SDKROOT; };
		B378FC3821C9009A00B41F8B /* lullaby.mp3 */ = {isa = PBXFileReference; lastKnownFileType = audio.mp3; path = lullaby.mp3; sourceTree = "<group>"; };
		B37BDC8421C2040000782353 /* NWSettings.h */ = {isa = PBXFileReference; lastKnownFileType = sourcecode.c.h; path = NWSettings.h; sourceTree = "<group>"; };
		B3A4563621B8C181000C000C /* NWHandler.h */ = {isa = PBXFileReference; lastKnownFileType = sourcecode.c.h; path = NWHandler.h; sourceTree = "<group>"; };
		B3A4563721B8C181000C000C /* NWHandler.m */ = {isa = PBXFileReference; lastKnownFileType = sourcecode.c.objc; path = NWHandler.m; sourceTree = "<group>"; };
		B3BDC2A22201983E00960B1F /* LBSMapComponents.framework */ = {isa = PBXFileReference; lastKnownFileType = wrapper.framework; path = LBSMapComponents.framework; sourceTree = "<group>"; };
		B3ED8DBA21C0AC21002BAE6A /* LoginViewController.h */ = {isa = PBXFileReference; lastKnownFileType = sourcecode.c.h; path = LoginViewController.h; sourceTree = "<group>"; };
		B3ED8DBB21C0AC21002BAE6A /* LoginViewController.m */ = {isa = PBXFileReference; lastKnownFileType = sourcecode.c.objc; path = LoginViewController.m; sourceTree = "<group>"; };
		DC67EBEEEF6CED7470ABCB0C /* Pods-LBSOfflineClient.debug.xcconfig */ = {isa = PBXFileReference; includeInIndex = 1; lastKnownFileType = text.xcconfig; name = "Pods-LBSOfflineClient.debug.xcconfig"; path = "Pods/Target Support Files/Pods-LBSOfflineClient/Pods-LBSOfflineClient.debug.xcconfig"; sourceTree = "<group>"; };
/* End PBXFileReference section */

/* Begin PBXFrameworksBuildPhase section */
		0BA9A821219130C50074B947 /* Frameworks */ = {
			isa = PBXFrameworksBuildPhase;
			buildActionMask = 2147483647;
			files = (
				B378FC3521C8FF1D00B41F8B /* AVFoundation.framework in Frameworks */,
				B378FC3621C8FF1D00B41F8B /* AVKit.framework in Frameworks */,
				0B2343C621B43E8000286357 /* libsqlite3.tbd in Frameworks */,
				0B2343C421B43E7B00286357 /* CoreData.framework in Frameworks */,
				DE609E9825E84E824329DC5B /* libPods-LBSOfflineClient.a in Frameworks */,
				B30B460E21F5A1B80056B378 /* LBSOfflineSDK.framework in Frameworks */,
				B3BDC2A32201983E00960B1F /* LBSMapComponents.framework in Frameworks */,
			);
			runOnlyForDeploymentPostprocessing = 0;
		};
		0BA9A839219130C70074B947 /* Frameworks */ = {
			isa = PBXFrameworksBuildPhase;
			buildActionMask = 2147483647;
			files = (
			);
			runOnlyForDeploymentPostprocessing = 0;
		};
		0BA9A844219130C70074B947 /* Frameworks */ = {
			isa = PBXFrameworksBuildPhase;
			buildActionMask = 2147483647;
			files = (
			);
			runOnlyForDeploymentPostprocessing = 0;
		};
/* End PBXFrameworksBuildPhase section */

/* Begin PBXGroup section */
		0B1914292201F49500CBC272 /* database */ = {
			isa = PBXGroup;
			children = (
				0B19142A2201F49500CBC272 /* texaco.db */,
			);
			path = database;
			sourceTree = "<group>";
		};
		0B7B130E219A85A100AD1D02 /* maps */ = {
			isa = PBXGroup;
			children = (
				0B7B130F219A85A100AD1D02 /* 4F.jpg */,
			);
			path = maps;
			sourceTree = "<group>";
		};
		0B7B131A219A9BCD00AD1D02 /* Frameworks */ = {
			isa = PBXGroup;
			children = (
				B3267CC721F596B800384640 /* LBSOfflineSDK.framework */,
				B378FC3321C8FF1D00B41F8B /* AVFoundation.framework */,
				B378FC3421C8FF1D00B41F8B /* AVKit.framework */,
				0B2343C521B43E8000286357 /* libsqlite3.tbd */,
				0B2343C321B43E7B00286357 /* CoreData.framework */,
				B328E42D21AFCF45009190F5 /* LBSOfflineSDK.framework */,
				0B7B131B219A9BCD00AD1D02 /* LBSOfflineSDK.framework */,
				A61D9AE4E7E8E44876F3A4DE /* libPods-LBSOfflineClient.a */,
			);
			name = Frameworks;
			sourceTree = "<group>";
		};
		0BA9A81B219130C50074B947 = {
			isa = PBXGroup;
			children = (
				B3BDC2A22201983E00960B1F /* LBSMapComponents.framework */,
				B30B460B21F5A1860056B378 /* LBSOfflineSDK.framework */,
				0BA9A826219130C50074B947 /* LBSOfflineClient */,
				0BA9A84A219130C70074B947 /* LBSOfflineClientUITests */,
				0BA9A825219130C50074B947 /* Products */,
				0B7B131A219A9BCD00AD1D02 /* Frameworks */,
				609E72921D155E8ABEBBAE6F /* Pods */,
			);
			sourceTree = "<group>";
		};
		0BA9A825219130C50074B947 /* Products */ = {
			isa = PBXGroup;
			children = (
				0BA9A824219130C50074B947 /* LBSOfflineClient.app */,
				0BA9A83C219130C70074B947 /* LBSOfflineClientTests.xctest */,
				0BA9A847219130C70074B947 /* LBSOfflineClientUITests.xctest */,
			);
			name = Products;
			sourceTree = "<group>";
		};
		0BA9A826219130C50074B947 /* LBSOfflineClient */ = {
			isa = PBXGroup;
			children = (
				0B1914292201F49500CBC272 /* database */,
				B378FC3721C9009A00B41F8B /* tricks */,
				B3A4563521B8C168000C000C /* network */,
				0B7B130E219A85A100AD1D02 /* maps */,
				0BA9A827219130C50074B947 /* AppDelegate.h */,
				0BA9A828219130C50074B947 /* AppDelegate.m */,
				0BA9A830219130C70074B947 /* Assets.xcassets */,
				0BA9A835219130C70074B947 /* Info.plist */,
				0BA9A832219130C70074B947 /* LaunchScreen.storyboard */,
				0BA9A836219130C70074B947 /* main.m */,
				0BA9A82D219130C50074B947 /* Main.storyboard */,
				0BA9A82A219130C50074B947 /* MapViewController.h */,
				0BA9A82B219130C50074B947 /* MapViewController.m */,
				B3ED8DBA21C0AC21002BAE6A /* LoginViewController.h */,
				B3ED8DBB21C0AC21002BAE6A /* LoginViewController.m */,
			);
			path = LBSOfflineClient;
			sourceTree = "<group>";
		};
		0BA9A84A219130C70074B947 /* LBSOfflineClientUITests */ = {
			isa = PBXGroup;
			children = (
				0BA9A84B219130C70074B947 /* LBSOfflineClientUITests.m */,
				0BA9A84D219130C70074B947 /* Info.plist */,
			);
			path = LBSOfflineClientUITests;
			sourceTree = "<group>";
		};
		609E72921D155E8ABEBBAE6F /* Pods */ = {
			isa = PBXGroup;
			children = (
				DC67EBEEEF6CED7470ABCB0C /* Pods-LBSOfflineClient.debug.xcconfig */,
				B2550602F3FE6320D96EBC63 /* Pods-LBSOfflineClient.release.xcconfig */,
			);
			name = Pods;
			sourceTree = "<group>";
		};
		B378FC3721C9009A00B41F8B /* tricks */ = {
			isa = PBXGroup;
			children = (
				B378FC3821C9009A00B41F8B /* lullaby.mp3 */,
			);
			path = tricks;
			sourceTree = "<group>";
		};
		B3A4563521B8C168000C000C /* network */ = {
			isa = PBXGroup;
			children = (
				B37BDC8421C2040000782353 /* NWSettings.h */,
				B3A4563621B8C181000C000C /* NWHandler.h */,
				B3A4563721B8C181000C000C /* NWHandler.m */,
			);
			path = network;
			sourceTree = "<group>";
		};
/* End PBXGroup section */

/* Begin PBXNativeTarget section */
		0BA9A823219130C50074B947 /* LBSOfflineClient */ = {
			isa = PBXNativeTarget;
			buildConfigurationList = 0BA9A850219130C70074B947 /* Build configuration list for PBXNativeTarget "LBSOfflineClient" */;
			buildPhases = (
				DEAE10E100A6238751E4A452 /* [CP] Check Pods Manifest.lock */,
				0BA9A820219130C50074B947 /* Sources */,
				0BA9A821219130C50074B947 /* Frameworks */,
				0BA9A822219130C50074B947 /* Resources */,
				48E4250D0178B04EBBDEA042 /* [CP] Copy Pods Resources */,
				B34EBEFC21F59BBE006481C2 /* Embed Frameworks */,
			);
			buildRules = (
			);
			dependencies = (
			);
			name = LBSOfflineClient;
			productName = LBSOfflineClient;
			productReference = 0BA9A824219130C50074B947 /* LBSOfflineClient.app */;
			productType = "com.apple.product-type.application";
		};
		0BA9A83B219130C70074B947 /* LBSOfflineClientTests */ = {
			isa = PBXNativeTarget;
			buildConfigurationList = 0BA9A853219130C70074B947 /* Build configuration list for PBXNativeTarget "LBSOfflineClientTests" */;
			buildPhases = (
				0BA9A838219130C70074B947 /* Sources */,
				0BA9A839219130C70074B947 /* Frameworks */,
				0BA9A83A219130C70074B947 /* Resources */,
			);
			buildRules = (
			);
			dependencies = (
				0BA9A83E219130C70074B947 /* PBXTargetDependency */,
			);
			name = LBSOfflineClientTests;
			productName = LBSOfflineClientTests;
			productReference = 0BA9A83C219130C70074B947 /* LBSOfflineClientTests.xctest */;
			productType = "com.apple.product-type.bundle.unit-test";
		};
		0BA9A846219130C70074B947 /* LBSOfflineClientUITests */ = {
			isa = PBXNativeTarget;
			buildConfigurationList = 0BA9A856219130C70074B947 /* Build configuration list for PBXNativeTarget "LBSOfflineClientUITests" */;
			buildPhases = (
				0BA9A843219130C70074B947 /* Sources */,
				0BA9A844219130C70074B947 /* Frameworks */,
				0BA9A845219130C70074B947 /* Resources */,
			);
			buildRules = (
			);
			dependencies = (
				0BA9A849219130C70074B947 /* PBXTargetDependency */,
			);
			name = LBSOfflineClientUITests;
			productName = LBSOfflineClientUITests;
			productReference = 0BA9A847219130C70074B947 /* LBSOfflineClientUITests.xctest */;
			productType = "com.apple.product-type.bundle.ui-testing";
		};
/* End PBXNativeTarget section */

/* Begin PBXProject section */
		0BA9A81C219130C50074B947 /* Project object */ = {
			isa = PBXProject;
			attributes = {
				LastUpgradeCheck = 1010;
				ORGANIZATIONNAME = "HU Siyan";
				TargetAttributes = {
					0BA9A823219130C50074B947 = {
						CreatedOnToolsVersion = 10.1;
						SystemCapabilities = {
							com.apple.BackgroundModes = {
								enabled = 1;
							};
						};
					};
					0BA9A83B219130C70074B947 = {
						CreatedOnToolsVersion = 10.1;
						TestTargetID = 0BA9A823219130C50074B947;
					};
					0BA9A846219130C70074B947 = {
						CreatedOnToolsVersion = 10.1;
						TestTargetID = 0BA9A823219130C50074B947;
					};
				};
			};
			buildConfigurationList = 0BA9A81F219130C50074B947 /* Build configuration list for PBXProject "LBSOfflineClient" */;
			compatibilityVersion = "Xcode 9.3";
			developmentRegion = en;
			hasScannedForEncodings = 0;
			knownRegions = (
				en,
				Base,
			);
			mainGroup = 0BA9A81B219130C50074B947;
			productRefGroup = 0BA9A825219130C50074B947 /* Products */;
			projectDirPath = "";
			projectRoot = "";
			targets = (
				0BA9A823219130C50074B947 /* LBSOfflineClient */,
				0BA9A83B219130C70074B947 /* LBSOfflineClientTests */,
				0BA9A846219130C70074B947 /* LBSOfflineClientUITests */,
			);
		};
/* End PBXProject section */

/* Begin PBXResourcesBuildPhase section */
		0BA9A822219130C50074B947 /* Resources */ = {
			isa = PBXResourcesBuildPhase;
			buildActionMask = 2147483647;
			files = (
				B378FC3921C9009A00B41F8B /* lullaby.mp3 in Resources */,
				0B7B1310219A85A100AD1D02 /* 4F.jpg in Resources */,
				0BA9A834219130C70074B947 /* LaunchScreen.storyboard in Resources */,
				0BA9A831219130C70074B947 /* Assets.xcassets in Resources */,
				0BA9A82F219130C50074B947 /* Main.storyboard in Resources */,
				0B19142D2201F49600CBC272 /* texaco.db in Resources */,
			);
			runOnlyForDeploymentPostprocessing = 0;
		};
		0BA9A83A219130C70074B947 /* Resources */ = {
			isa = PBXResourcesBuildPhase;
			buildActionMask = 2147483647;
			files = (
			);
			runOnlyForDeploymentPostprocessing = 0;
		};
		0BA9A845219130C70074B947 /* Resources */ = {
			isa = PBXResourcesBuildPhase;
			buildActionMask = 2147483647;
			files = (
			);
			runOnlyForDeploymentPostprocessing = 0;
		};
/* End PBXResourcesBuildPhase section */

/* Begin PBXShellScriptBuildPhase section */
		48E4250D0178B04EBBDEA042 /* [CP] Copy Pods Resources */ = {
			isa = PBXShellScriptBuildPhase;
			buildActionMask = 2147483647;
			files = (
			);
			inputFileListPaths = (
			);
			inputPaths = (
				"${SRCROOT}/Pods/Target Support Files/Pods-LBSOfflineClient/Pods-LBSOfflineClient-resources.sh",
				"${PODS_ROOT}/SVWebViewController/SVWebViewController/SVWebViewController.bundle/SVWebViewControllerBack.png",
				"${PODS_ROOT}/SVWebViewController/SVWebViewController/SVWebViewController.bundle/SVWebViewControllerBack@2x.png",
				"${PODS_ROOT}/SVWebViewController/SVWebViewController/SVWebViewController.bundle/SVWebViewControllerNext.png",
				"${PODS_ROOT}/SVWebViewController/SVWebViewController/SVWebViewController.bundle/SVWebViewControllerNext@2x.png",
				"${PODS_ROOT}/SVWebViewController/SVWebViewController/UIActivities/Chrome/SVWebViewControllerActivityChrome-iPad.png",
				"${PODS_ROOT}/SVWebViewController/SVWebViewController/UIActivities/Chrome/SVWebViewControllerActivityChrome-iPad@2x.png",
				"${PODS_ROOT}/SVWebViewController/SVWebViewController/UIActivities/Chrome/SVWebViewControllerActivityChrome@2x.png",
				"${PODS_ROOT}/SVWebViewController/SVWebViewController/UIActivities/Safari/SVWebViewControllerActivitySafari-iPad.png",
				"${PODS_ROOT}/SVWebViewController/SVWebViewController/UIActivities/Safari/SVWebViewControllerActivitySafari-iPad@2x.png",
				"${PODS_ROOT}/SVWebViewController/SVWebViewController/UIActivities/Safari/SVWebViewControllerActivitySafari@2x.png",
				"${PODS_ROOT}/SVWebViewController/SVWebViewController/SVWebViewController.bundle",
			);
			name = "[CP] Copy Pods Resources";
			outputFileListPaths = (
			);
			outputPaths = (
				"${TARGET_BUILD_DIR}/${UNLOCALIZED_RESOURCES_FOLDER_PATH}/SVWebViewControllerBack.png",
				"${TARGET_BUILD_DIR}/${UNLOCALIZED_RESOURCES_FOLDER_PATH}/SVWebViewControllerBack@2x.png",
				"${TARGET_BUILD_DIR}/${UNLOCALIZED_RESOURCES_FOLDER_PATH}/SVWebViewControllerNext.png",
				"${TARGET_BUILD_DIR}/${UNLOCALIZED_RESOURCES_FOLDER_PATH}/SVWebViewControllerNext@2x.png",
				"${TARGET_BUILD_DIR}/${UNLOCALIZED_RESOURCES_FOLDER_PATH}/SVWebViewControllerActivityChrome-iPad.png",
				"${TARGET_BUILD_DIR}/${UNLOCALIZED_RESOURCES_FOLDER_PATH}/SVWebViewControllerActivityChrome-iPad@2x.png",
				"${TARGET_BUILD_DIR}/${UNLOCALIZED_RESOURCES_FOLDER_PATH}/SVWebViewControllerActivityChrome@2x.png",
				"${TARGET_BUILD_DIR}/${UNLOCALIZED_RESOURCES_FOLDER_PATH}/SVWebViewControllerActivitySafari-iPad.png",
				"${TARGET_BUILD_DIR}/${UNLOCALIZED_RESOURCES_FOLDER_PATH}/SVWebViewControllerActivitySafari-iPad@2x.png",
				"${TARGET_BUILD_DIR}/${UNLOCALIZED_RESOURCES_FOLDER_PATH}/SVWebViewControllerActivitySafari@2x.png",
				"${TARGET_BUILD_DIR}/${UNLOCALIZED_RESOURCES_FOLDER_PATH}/SVWebViewController.bundle",
			);
			runOnlyForDeploymentPostprocessing = 0;
			shellPath = /bin/sh;
			shellScript = "\"${SRCROOT}/Pods/Target Support Files/Pods-LBSOfflineClient/Pods-LBSOfflineClient-resources.sh\"\n";
			showEnvVarsInLog = 0;
		};
		DEAE10E100A6238751E4A452 /* [CP] Check Pods Manifest.lock */ = {
			isa = PBXShellScriptBuildPhase;
			buildActionMask = 2147483647;
			files = (
			);
			inputFileListPaths = (
			);
			inputPaths = (
				"${PODS_PODFILE_DIR_PATH}/Podfile.lock",
				"${PODS_ROOT}/Manifest.lock",
			);
			name = "[CP] Check Pods Manifest.lock";
			outputFileListPaths = (
			);
			outputPaths = (
				"$(DERIVED_FILE_DIR)/Pods-LBSOfflineClient-checkManifestLockResult.txt",
			);
			runOnlyForDeploymentPostprocessing = 0;
			shellPath = /bin/sh;
			shellScript = "diff \"${PODS_PODFILE_DIR_PATH}/Podfile.lock\" \"${PODS_ROOT}/Manifest.lock\" > /dev/null\nif [ $? != 0 ] ; then\n    # print error to STDERR\n    echo \"error: The sandbox is not in sync with the Podfile.lock. Run 'pod install' or update your CocoaPods installation.\" >&2\n    exit 1\nfi\n# This output is used by Xcode 'outputs' to avoid re-running this script phase.\necho \"SUCCESS\" > \"${SCRIPT_OUTPUT_FILE_0}\"\n";
			showEnvVarsInLog = 0;
		};
/* End PBXShellScriptBuildPhase section */

/* Begin PBXSourcesBuildPhase section */
		0BA9A820219130C50074B947 /* Sources */ = {
			isa = PBXSourcesBuildPhase;
			buildActionMask = 2147483647;
			files = (
				0BA9A82C219130C50074B947 /* MapViewController.m in Sources */,
				B3A4563821B8C181000C000C /* NWHandler.m in Sources */,
				0BA9A837219130C70074B947 /* main.m in Sources */,
				0BA9A829219130C50074B947 /* AppDelegate.m in Sources */,
				B3ED8DBC21C0AC21002BAE6A /* LoginViewController.m in Sources */,
			);
			runOnlyForDeploymentPostprocessing = 0;
		};
		0BA9A838219130C70074B947 /* Sources */ = {
			isa = PBXSourcesBuildPhase;
			buildActionMask = 2147483647;
			files = (
			);
			runOnlyForDeploymentPostprocessing = 0;
		};
		0BA9A843219130C70074B947 /* Sources */ = {
			isa = PBXSourcesBuildPhase;
			buildActionMask = 2147483647;
			files = (
				0BA9A84C219130C70074B947 /* LBSOfflineClientUITests.m in Sources */,
			);
			runOnlyForDeploymentPostprocessing = 0;
		};
/* End PBXSourcesBuildPhase section */

/* Begin PBXTargetDependency section */
		0BA9A83E219130C70074B947 /* PBXTargetDependency */ = {
			isa = PBXTargetDependency;
			target = 0BA9A823219130C50074B947 /* LBSOfflineClient */;
			targetProxy = 0BA9A83D219130C70074B947 /* PBXContainerItemProxy */;
		};
		0BA9A849219130C70074B947 /* PBXTargetDependency */ = {
			isa = PBXTargetDependency;
			target = 0BA9A823219130C50074B947 /* LBSOfflineClient */;
			targetProxy = 0BA9A848219130C70074B947 /* PBXContainerItemProxy */;
		};
/* End PBXTargetDependency section */

/* Begin PBXVariantGroup section */
		0BA9A82D219130C50074B947 /* Main.storyboard */ = {
			isa = PBXVariantGroup;
			children = (
				0BA9A82E219130C50074B947 /* Base */,
			);
			name = Main.storyboard;
			sourceTree = "<group>";
		};
		0BA9A832219130C70074B947 /* LaunchScreen.storyboard */ = {
			isa = PBXVariantGroup;
			children = (
				0BA9A833219130C70074B947 /* Base */,
			);
			name = LaunchScreen.storyboard;
			sourceTree = "<group>";
		};
/* End PBXVariantGroup section */

/* Begin XCBuildConfiguration section */
		0BA9A84E219130C70074B947 /* Debug */ = {
			isa = XCBuildConfiguration;
			buildSettings = {
				ALWAYS_SEARCH_USER_PATHS = NO;
				CLANG_ANALYZER_NONNULL = YES;
				CLANG_ANALYZER_NUMBER_OBJECT_CONVERSION = YES_AGGRESSIVE;
				CLANG_CXX_LANGUAGE_STANDARD = "gnu++14";
				CLANG_CXX_LIBRARY = "libc++";
				CLANG_ENABLE_MODULES = YES;
				CLANG_ENABLE_OBJC_ARC = YES;
				CLANG_ENABLE_OBJC_WEAK = YES;
				CLANG_WARN_BLOCK_CAPTURE_AUTORELEASING = YES;
				CLANG_WARN_BOOL_CONVERSION = YES;
				CLANG_WARN_COMMA = YES;
				CLANG_WARN_CONSTANT_CONVERSION = YES;
				CLANG_WARN_DEPRECATED_OBJC_IMPLEMENTATIONS = YES;
				CLANG_WARN_DIRECT_OBJC_ISA_USAGE = YES_ERROR;
				CLANG_WARN_DOCUMENTATION_COMMENTS = YES;
				CLANG_WARN_EMPTY_BODY = YES;
				CLANG_WARN_ENUM_CONVERSION = YES;
				CLANG_WARN_INFINITE_RECURSION = YES;
				CLANG_WARN_INT_CONVERSION = YES;
				CLANG_WARN_NON_LITERAL_NULL_CONVERSION = YES;
				CLANG_WARN_OBJC_IMPLICIT_RETAIN_SELF = YES;
				CLANG_WARN_OBJC_LITERAL_CONVERSION = YES;
				CLANG_WARN_OBJC_ROOT_CLASS = YES_ERROR;
				CLANG_WARN_RANGE_LOOP_ANALYSIS = YES;
				CLANG_WARN_STRICT_PROTOTYPES = YES;
				CLANG_WARN_SUSPICIOUS_MOVE = YES;
				CLANG_WARN_UNGUARDED_AVAILABILITY = YES_AGGRESSIVE;
				CLANG_WARN_UNREACHABLE_CODE = YES;
				CLANG_WARN__DUPLICATE_METHOD_MATCH = YES;
				CODE_SIGN_IDENTITY = "iPhone Developer";
				COPY_PHASE_STRIP = NO;
				DEBUG_INFORMATION_FORMAT = dwarf;
				ENABLE_STRICT_OBJC_MSGSEND = YES;
				ENABLE_TESTABILITY = YES;
				GCC_C_LANGUAGE_STANDARD = gnu11;
				GCC_DYNAMIC_NO_PIC = NO;
				GCC_NO_COMMON_BLOCKS = YES;
				GCC_OPTIMIZATION_LEVEL = 0;
				GCC_PREPROCESSOR_DEFINITIONS = (
					"DEBUG=1",
					"$(inherited)",
				);
				GCC_WARN_64_TO_32_BIT_CONVERSION = YES;
				GCC_WARN_ABOUT_RETURN_TYPE = YES_ERROR;
				GCC_WARN_UNDECLARED_SELECTOR = YES;
				GCC_WARN_UNINITIALIZED_AUTOS = YES_AGGRESSIVE;
				GCC_WARN_UNUSED_FUNCTION = YES;
				GCC_WARN_UNUSED_VARIABLE = YES;
				IPHONEOS_DEPLOYMENT_TARGET = 12.1;
				MTL_ENABLE_DEBUG_INFO = INCLUDE_SOURCE;
				MTL_FAST_MATH = YES;
				ONLY_ACTIVE_ARCH = YES;
				SDKROOT = iphoneos;
			};
			name = Debug;
		};
		0BA9A84F219130C70074B947 /* Release */ = {
			isa = XCBuildConfiguration;
			buildSettings = {
				ALWAYS_SEARCH_USER_PATHS = NO;
				CLANG_ANALYZER_NONNULL = YES;
				CLANG_ANALYZER_NUMBER_OBJECT_CONVERSION = YES_AGGRESSIVE;
				CLANG_CXX_LANGUAGE_STANDARD = "gnu++14";
				CLANG_CXX_LIBRARY = "libc++";
				CLANG_ENABLE_MODULES = YES;
				CLANG_ENABLE_OBJC_ARC = YES;
				CLANG_ENABLE_OBJC_WEAK = YES;
				CLANG_WARN_BLOCK_CAPTURE_AUTORELEASING = YES;
				CLANG_WARN_BOOL_CONVERSION = YES;
				CLANG_WARN_COMMA = YES;
				CLANG_WARN_CONSTANT_CONVERSION = YES;
				CLANG_WARN_DEPRECATED_OBJC_IMPLEMENTATIONS = YES;
				CLANG_WARN_DIRECT_OBJC_ISA_USAGE = YES_ERROR;
				CLANG_WARN_DOCUMENTATION_COMMENTS = YES;
				CLANG_WARN_EMPTY_BODY = YES;
				CLANG_WARN_ENUM_CONVERSION = YES;
				CLANG_WARN_INFINITE_RECURSION = YES;
				CLANG_WARN_INT_CONVERSION = YES;
				CLANG_WARN_NON_LITERAL_NULL_CONVERSION = YES;
				CLANG_WARN_OBJC_IMPLICIT_RETAIN_SELF = YES;
				CLANG_WARN_OBJC_LITERAL_CONVERSION = YES;
				CLANG_WARN_OBJC_ROOT_CLASS = YES_ERROR;
				CLANG_WARN_RANGE_LOOP_ANALYSIS = YES;
				CLANG_WARN_STRICT_PROTOTYPES = YES;
				CLANG_WARN_SUSPICIOUS_MOVE = YES;
				CLANG_WARN_UNGUARDED_AVAILABILITY = YES_AGGRESSIVE;
				CLANG_WARN_UNREACHABLE_CODE = YES;
				CLANG_WARN__DUPLICATE_METHOD_MATCH = YES;
				CODE_SIGN_IDENTITY = "iPhone Developer";
				COPY_PHASE_STRIP = NO;
				DEBUG_INFORMATION_FORMAT = "dwarf-with-dsym";
				ENABLE_NS_ASSERTIONS = NO;
				ENABLE_STRICT_OBJC_MSGSEND = YES;
				GCC_C_LANGUAGE_STANDARD = gnu11;
				GCC_NO_COMMON_BLOCKS = YES;
				GCC_WARN_64_TO_32_BIT_CONVERSION = YES;
				GCC_WARN_ABOUT_RETURN_TYPE = YES_ERROR;
				GCC_WARN_UNDECLARED_SELECTOR = YES;
				GCC_WARN_UNINITIALIZED_AUTOS = YES_AGGRESSIVE;
				GCC_WARN_UNUSED_FUNCTION = YES;
				GCC_WARN_UNUSED_VARIABLE = YES;
				IPHONEOS_DEPLOYMENT_TARGET = 12.1;
				MTL_ENABLE_DEBUG_INFO = NO;
				MTL_FAST_MATH = YES;
				SDKROOT = iphoneos;
				VALIDATE_PRODUCT = YES;
			};
			name = Release;
		};
		0BA9A851219130C70074B947 /* Debug */ = {
			isa = XCBuildConfiguration;
			baseConfigurationReference = DC67EBEEEF6CED7470ABCB0C /* Pods-LBSOfflineClient.debug.xcconfig */;
			buildSettings = {
				ASSETCATALOG_COMPILER_APPICON_NAME = AppIcon;
				CLANG_ALLOW_NON_MODULAR_INCLUDES_IN_FRAMEWORK_MODULES = YES;
				CODE_SIGN_STYLE = Automatic;
				DEVELOPMENT_TEAM = 5G4J2HGQG3;
				FRAMEWORK_SEARCH_PATHS = (
					"$(inherited)",
					"$(PROJECT_DIR)",
				);
				HEADER_SEARCH_PATHS = (
					"$(SRCROOT)/../LBSMapComponents/**",
					"$(SRCROOT)/../LBSOfflineSDK/**",
					"$(SRCROOT)",
				);
				INFOPLIST_FILE = LBSOfflineClient/Info.plist;
				IPHONEOS_DEPLOYMENT_TARGET = 10.0;
				LD_RUNPATH_SEARCH_PATHS = (
					"$(inherited)",
					"@executable_path/Frameworks",
				);
				LIBRARY_SEARCH_PATHS = "$(inherited)";
				ONLY_ACTIVE_ARCH = YES;
				PRODUCT_BUNDLE_IDENTIFIER = org.siyan.wherami.offlineclient.LBSOfflineClient;
				PRODUCT_NAME = "$(TARGET_NAME)";
				TARGETED_DEVICE_FAMILY = 1;
			};
			name = Debug;
		};
		0BA9A852219130C70074B947 /* Release */ = {
			isa = XCBuildConfiguration;
			baseConfigurationReference = B2550602F3FE6320D96EBC63 /* Pods-LBSOfflineClient.release.xcconfig */;
			buildSettings = {
				ASSETCATALOG_COMPILER_APPICON_NAME = AppIcon;
				CLANG_ALLOW_NON_MODULAR_INCLUDES_IN_FRAMEWORK_MODULES = YES;
				CODE_SIGN_STYLE = Automatic;
				DEVELOPMENT_TEAM = 5G4J2HGQG3;
				FRAMEWORK_SEARCH_PATHS = (
					"$(inherited)",
					"$(PROJECT_DIR)",
				);
				HEADER_SEARCH_PATHS = (
					"$(SRCROOT)/../LBSMapComponents/**",
					"$(SRCROOT)/../LBSOfflineSDK/**",
					"$(SRCROOT)",
				);
				INFOPLIST_FILE = LBSOfflineClient/Info.plist;
				IPHONEOS_DEPLOYMENT_TARGET = 10.0;
				LD_RUNPATH_SEARCH_PATHS = (
					"$(inherited)",
					"@executable_path/Frameworks",
				);
				LIBRARY_SEARCH_PATHS = "$(inherited)";
				ONLY_ACTIVE_ARCH = NO;
				PRODUCT_BUNDLE_IDENTIFIER = org.siyan.wherami.offlineclient.LBSOfflineClient;
				PRODUCT_NAME = "$(TARGET_NAME)";
				TARGETED_DEVICE_FAMILY = 1;
			};
			name = Release;
		};
		0BA9A854219130C70074B947 /* Debug */ = {
			isa = XCBuildConfiguration;
			buildSettings = {
				BUNDLE_LOADER = "$(TEST_HOST)";
				CODE_SIGN_STYLE = Automatic;
				DEVELOPMENT_TEAM = 5G4J2HGQG3;
				INFOPLIST_FILE = LBSOfflineClientTests/Info.plist;
				LD_RUNPATH_SEARCH_PATHS = (
					"$(inherited)",
					"@executable_path/Frameworks",
					"@loader_path/Frameworks",
				);
				PRODUCT_BUNDLE_IDENTIFIER = org.siyan.wherami.offlineclient.LBSOfflineClientTests;
				PRODUCT_NAME = "$(TARGET_NAME)";
				TARGETED_DEVICE_FAMILY = "1,2";
				TEST_HOST = "$(BUILT_PRODUCTS_DIR)/LBSOfflineClient.app/LBSOfflineClient";
			};
			name = Debug;
		};
		0BA9A855219130C70074B947 /* Release */ = {
			isa = XCBuildConfiguration;
			buildSettings = {
				BUNDLE_LOADER = "$(TEST_HOST)";
				CODE_SIGN_STYLE = Automatic;
				DEVELOPMENT_TEAM = 5G4J2HGQG3;
				INFOPLIST_FILE = LBSOfflineClientTests/Info.plist;
				LD_RUNPATH_SEARCH_PATHS = (
					"$(inherited)",
					"@executable_path/Frameworks",
					"@loader_path/Frameworks",
				);
				PRODUCT_BUNDLE_IDENTIFIER = org.siyan.wherami.offlineclient.LBSOfflineClientTests;
				PRODUCT_NAME = "$(TARGET_NAME)";
				TARGETED_DEVICE_FAMILY = "1,2";
				TEST_HOST = "$(BUILT_PRODUCTS_DIR)/LBSOfflineClient.app/LBSOfflineClient";
			};
			name = Release;
		};
		0BA9A857219130C70074B947 /* Debug */ = {
			isa = XCBuildConfiguration;
			buildSettings = {
				CODE_SIGN_STYLE = Automatic;
				DEVELOPMENT_TEAM = 5G4J2HGQG3;
				INFOPLIST_FILE = LBSOfflineClientUITests/Info.plist;
				LD_RUNPATH_SEARCH_PATHS = (
					"$(inherited)",
					"@executable_path/Frameworks",
					"@loader_path/Frameworks",
				);
				PRODUCT_BUNDLE_IDENTIFIER = org.siyan.wherami.offlineclient.LBSOfflineClientUITests;
				PRODUCT_NAME = "$(TARGET_NAME)";
				TARGETED_DEVICE_FAMILY = "1,2";
				TEST_TARGET_NAME = LBSOfflineClient;
			};
			name = Debug;
		};
		0BA9A858219130C70074B947 /* Release */ = {
			isa = XCBuildConfiguration;
			buildSettings = {
				CODE_SIGN_STYLE = Automatic;
				DEVELOPMENT_TEAM = 5G4J2HGQG3;
				INFOPLIST_FILE = LBSOfflineClientUITests/Info.plist;
				LD_RUNPATH_SEARCH_PATHS = (
					"$(inherited)",
					"@executable_path/Frameworks",
					"@loader_path/Frameworks",
				);
				PRODUCT_BUNDLE_IDENTIFIER = org.siyan.wherami.offlineclient.LBSOfflineClientUITests;
				PRODUCT_NAME = "$(TARGET_NAME)";
				TARGETED_DEVICE_FAMILY = "1,2";
				TEST_TARGET_NAME = LBSOfflineClient;
			};
			name = Release;
		};
/* End XCBuildConfiguration section */

/* Begin XCConfigurationList section */
		0BA9A81F219130C50074B947 /* Build configuration list for PBXProject "LBSOfflineClient" */ = {
			isa = XCConfigurationList;
			buildConfigurations = (
				0BA9A84E219130C70074B947 /* Debug */,
				0BA9A84F219130C70074B947 /* Release */,
			);
			defaultConfigurationIsVisible = 0;
			defaultConfigurationName = Release;
		};
		0BA9A850219130C70074B947 /* Build configuration list for PBXNativeTarget "LBSOfflineClient" */ = {
			isa = XCConfigurationList;
			buildConfigurations = (
				0BA9A851219130C70074B947 /* Debug */,
				0BA9A852219130C70074B947 /* Release */,
			);
			defaultConfigurationIsVisible = 0;
			defaultConfigurationName = Release;
		};
		0BA9A853219130C70074B947 /* Build configuration list for PBXNativeTarget "LBSOfflineClientTests" */ = {
			isa = XCConfigurationList;
			buildConfigurations = (
				0BA9A854219130C70074B947 /* Debug */,
				0BA9A855219130C70074B947 /* Release */,
			);
			defaultConfigurationIsVisible = 0;
			defaultConfigurationName = Release;
		};
		0BA9A856219130C70074B947 /* Build configuration list for PBXNativeTarget "LBSOfflineClientUITests" */ = {
			isa = XCConfigurationList;
			buildConfigurations = (
				0BA9A857219130C70074B947 /* Debug */,
				0BA9A858219130C70074B947 /* Release */,
			);
			defaultConfigurationIsVisible = 0;
			defaultConfigurationName = Release;
		};
/* End XCConfigurationList section */
	};
	rootObject = 0BA9A81C219130C50074B947 /* Project object */;
}
